# THIS IS AN AUTOGENERATED FILE. DO NOT EDIT THIS FILE DIRECTLY.
# yarn lockfile v1


"@babel/runtime@^7.10.1", "@babel/runtime@^7.11.1", "@babel/runtime@^7.11.2", "@babel/runtime@^7.12.5":
  version "7.15.4"
  resolved "https://registry.npmjs.org/@babel/runtime/-/runtime-7.15.4.tgz"
  integrity sha512-99catp6bHCaxr4sJ/DbTGgHS4+Rs2RVd2g7iOap6SLGPDknRK9ztKNsE/Fg6QhSeh1FGE5f6gHGQmvvn3I3xhw==
  dependencies:
    regenerator-runtime "^0.13.4"

"@next/env@12.3.4":
  version "12.3.4"
  resolved "https://registry.npmjs.org/@next/env/-/env-12.3.4.tgz"
  integrity sha512-H/69Lc5Q02dq3o+dxxy5O/oNxFsZpdL6WREtOOtOM1B/weonIwDXkekr1KV5DPVPr12IHFPrMrcJQ6bgPMfn7A==

"@next/swc-win32-x64-msvc@12.3.4":
  version "12.3.4"
  resolved "https://registry.npmjs.org/@next/swc-win32-x64-msvc/-/swc-win32-x64-msvc-12.3.4.tgz"
  integrity sha512-DQ20JEfTBZAgF8QCjYfJhv2/279M6onxFjdG/+5B0Cyj00/EdBxiWb2eGGFgQhrBbNv/lsvzFbbi0Ptf8Vw/bg==

"@remix-run/router@1.5.0":
  version "1.5.0"
  resolved "https://registry.npmjs.org/@remix-run/router/-/router-1.5.0.tgz"
  integrity sha512-bkUDCp8o1MvFO+qxkODcbhSqRa6P2GXgrGZVpt0dCXNW2HCSCqYI0ZoAqEOSAjRWmmlKcYgFvN4B4S+zo/f8kg==

"@swc/helpers@0.4.11":
  version "0.4.11"
  resolved "https://registry.npmjs.org/@swc/helpers/-/helpers-0.4.11.tgz"
  integrity sha512-rEUrBSGIoSFuYxwBYtlUFMlE2CwGhmW+w9355/5oduSw8e5h2+Tj4UrAGNNgP9915++wj5vkQo0UuOBqOAq4nw==
  dependencies:
    tslib "^2.4.0"

anymatch@~3.1.1:
  version "3.1.2"
  resolved "https://registry.npmjs.org/anymatch/-/anymatch-3.1.2.tgz"
  integrity sha512-P43ePfOAIupkguHUycrc4qJ9kz8ZiuOUijaETwX7THt0Y/GNK7v0aa8rY816xWjZ7rJdA5XdMcpVFTKMq+RvWg==
  dependencies:
    normalize-path "^3.0.0"
    picomatch "^2.0.4"

asynckit@^0.4.0:
  version "0.4.0"
  resolved "https://registry.npmjs.org/asynckit/-/asynckit-0.4.0.tgz"
  integrity sha512-Oei9OH4tRh0YqU3GxhX79dM/mwVgvbZJaSNaRk+bshkj0S5cfHcgYakreBjrHwatXKbz+IoIdYLxrKim2MjW0Q==

axios@^1.3.5:
  version "1.3.5"
  resolved "https://registry.npmjs.org/axios/-/axios-1.3.5.tgz"
  integrity sha512-glL/PvG/E+xCWwV8S6nCHcrfg1exGx7vxyUIivIA1iL7BIh6bePylCfVHwp6k13ao7SATxB6imau2kqY+I67kw==
  dependencies:
    follow-redirects "^1.15.0"
    form-data "^4.0.0"
    proxy-from-env "^1.1.0"

binary-extensions@^2.0.0:
  version "2.2.0"
  resolved "https://registry.npmjs.org/binary-extensions/-/binary-extensions-2.2.0.tgz"
  integrity sha512-jDctJ/IVQbZoJykoeHbhXpOlNBqGNcwXJKJog42E5HDPUwQTSdjCHdihjj0DlnheQ7blbT6dHOafNAiS8ooQKA==

body-scroll-lock@^4.0.0-beta.0:
  version "4.0.0-beta.0"
  resolved "https://registry.npmjs.org/body-scroll-lock/-/body-scroll-lock-4.0.0-beta.0.tgz"
  integrity sha512-a7tP5+0Mw3YlUJcGAKUqIBkYYGlYxk2fnCasq/FUph1hadxlTRjF+gAcZksxANnaMnALjxEddmSi/H3OR8ugcQ==

braces@~3.0.2:
  version "3.0.2"
  resolved "https://registry.npmjs.org/braces/-/braces-3.0.2.tgz"
  integrity sha512-b8um+L1RzM3WDSzvhm6gIz1yfTbBt6YTlcEKAvsmqCZZFw46z626lVj9j1yEPW33H5H+lBQpZMP1k8l+78Ha0A==
  dependencies:
    fill-range "^7.0.1"

caniuse-lite@^1.0.30001406:
  version "1.0.30001472"
  resolved "https://registry.npmjs.org/caniuse-lite/-/caniuse-lite-1.0.30001472.tgz"
  integrity sha512-xWC/0+hHHQgj3/vrKYY0AAzeIUgr7L9wlELIcAvZdDUHlhL/kNxMdnQLOSOQfP8R51ZzPhmHdyMkI0MMpmxCfg==

"chokidar@>=2.0.0 <4.0.0":
  version "3.5.1"
  resolved "https://registry.npmjs.org/chokidar/-/chokidar-3.5.1.tgz"
  integrity sha512-9+s+Od+W0VJJzawDma/gvBNQqkTiqYTWLuZoyAsivsI4AaWTCzHG06/TMjsf1cYe9Cb97UCEhjz7HvnPk2p/tw==
  dependencies:
    anymatch "~3.1.1"
    braces "~3.0.2"
    glob-parent "~5.1.0"
    is-binary-path "~2.1.0"
    is-glob "~4.0.1"
    normalize-path "~3.0.0"
    readdirp "~3.5.0"
  optionalDependencies:
    fsevents "~2.3.1"

classnames@^2.2.1, classnames@^2.2.3, classnames@^2.2.5, classnames@^2.2.6, classnames@2.x:
  version "2.2.6"
  resolved "https://registry.npmjs.org/classnames/-/classnames-2.2.6.tgz"
  integrity sha512-JR/iSQOSt+LQIWwrwEzJ9uk0xfN3mTVYMwt1Ir5mUcSN6pU+V4zQFFaJsclJbPuAUQH+yfWef6tm7l1quW3C8Q==

combined-stream@^1.0.8:
  version "1.0.8"
  resolved "https://registry.npmjs.org/combined-stream/-/combined-stream-1.0.8.tgz"
  integrity sha512-FQN4MRfuJeHf7cBbBMJFXhKSDq+2kAArBlmRBvcvFE5BB1HZKXtSFASDhdlz9zOYwxh8lDdnvmMOe/+5cdoEdg==
  dependencies:
    delayed-stream "~1.0.0"

delayed-stream@~1.0.0:
  version "1.0.0"
  resolved "https://registry.npmjs.org/delayed-stream/-/delayed-stream-1.0.0.tgz"
  integrity sha512-ZySD7Nf91aLB0RxL4KGrKHBXl7Eds1DAmEdcoVawXnLD7SDhpNgtuII2aAkg7a7QS41jxPSZ17p4VdGnMHk3MQ==

dom-align@^1.7.0:
  version "1.12.2"
  resolved "https://registry.npmjs.org/dom-align/-/dom-align-1.12.2.tgz"
  integrity sha512-pHuazgqrsTFrGU2WLDdXxCFabkdQDx72ddkraZNih1KsMcN5qsRSTR9O4VJRlwTPCPb5COYg3LOfiMHHcPInHg==

enquire.js@^2.1.6:
  version "2.1.6"
  resolved "https://registry.npmjs.org/enquire.js/-/enquire.js-2.1.6.tgz"
  integrity sha1-PoeAybi4NQhMP2DhZtvDwqPImBQ=

fill-range@^7.0.1:
  version "7.0.1"
  resolved "https://registry.npmjs.org/fill-range/-/fill-range-7.0.1.tgz"
  integrity sha512-qOo9F+dMUmC2Lcb4BbVvnKJxTPjCm+RRpe4gDuGrzkL7mEVl/djYSu2OdQ2Pa302N4oqkSg9ir6jaLWJ2USVpQ==
  dependencies:
    to-regex-range "^5.0.1"

follow-redirects@^1.15.0:
  version "1.15.2"
  resolved "https://registry.npmjs.org/follow-redirects/-/follow-redirects-1.15.2.tgz"
  integrity sha512-VQLG33o04KaQ8uYi2tVNbdrWp1QWxNNea+nmIB4EVM28v0hmP17z7aG1+wAkNzVq4KeXTq3221ye5qTJP91JwA==

form-data@^4.0.0:
  version "4.0.0"
  resolved "https://registry.npmjs.org/form-data/-/form-data-4.0.0.tgz"
  integrity sha512-ETEklSGi5t0QMZuiXoA/Q6vcnxcLQP5vdugSpuAyi6SVGi2clPPp+xgEhuMaHC+zGgn31Kd235W35f7Hykkaww==
  dependencies:
    asynckit "^0.4.0"
    combined-stream "^1.0.8"
    mime-types "^2.1.12"

glob-parent@~5.1.0:
  version "5.1.2"
  resolved "https://registry.npmjs.org/glob-parent/-/glob-parent-5.1.2.tgz"
  integrity sha512-AOIgSQCepiJYwP3ARnGx+5VnTu2HBYdzbGP45eLw1vr3zB3vZLeyed1sC9hnbcOc9/SrMyM5RPQrkGz4aS9Zow==
  dependencies:
    is-glob "^4.0.1"

is-binary-path@~2.1.0:
  version "2.1.0"
  resolved "https://registry.npmjs.org/is-binary-path/-/is-binary-path-2.1.0.tgz"
  integrity sha512-ZMERYes6pDydyuGidse7OsHxtbI7WVeUEozgR/g7rd0xUimYNlvZRE/K2MgZTjWy725IfelLeVcEM97mmtRGXw==
  dependencies:
    binary-extensions "^2.0.0"

is-extglob@^2.1.1:
  version "2.1.1"
  resolved "https://registry.npmjs.org/is-extglob/-/is-extglob-2.1.1.tgz"
  integrity sha1-qIwCU1eR8C7TfHahueqXc8gz+MI=

is-glob@^4.0.1, is-glob@~4.0.1:
  version "4.0.3"
  resolved "https://registry.npmjs.org/is-glob/-/is-glob-4.0.3.tgz"
  integrity sha512-xelSayHH36ZgE7ZWhli7pW34hNbNl8Ojv5KVmkJD4hBdD3th8Tfk9vYasLM+mXWOZhFkgZfxhLSnrwRr4elSSg==
  dependencies:
    is-extglob "^2.1.1"

is-number@^7.0.0:
  version "7.0.0"
  resolved "https://registry.npmjs.org/is-number/-/is-number-7.0.0.tgz"
  integrity sha512-41Cifkg6e8TylSpdtTpeLVMqvSBEVzTttHvERD741+pnZ8ANv0004MRL43QKPDlK9cGvNp6NZWZUBlbGXYxxng==

jquery@>=1.8.0:
  version "3.6.4"
  resolved "https://registry.npmjs.org/jquery/-/jquery-3.6.4.tgz"
  integrity sha512-v28EW9DWDFpzcD9O5iyJXg3R3+q+mET5JhnjJzQUZMHOv67bpSIHq81GEYpPNZHG+XXHsfSme3nxp/hndKEcsQ==

"js-tokens@^3.0.0 || ^4.0.0":
  version "4.0.0"
  resolved "https://registry.npmjs.org/js-tokens/-/js-tokens-4.0.0.tgz"
  integrity sha512-RdJUflcE3cUzKiMqQgsCu06FPu9UdIJO0beYbPhHN4k6apgJtifcoCtT9bcxOpYBtpD2kCM6Sbzg4CausW/PKQ==

json2mq@^0.2.0:
  version "0.2.0"
  resolved "https://registry.npmjs.org/json2mq/-/json2mq-0.2.0.tgz"
  integrity sha1-tje9O6nqvhIsg+lyBIOusQ0skEo=
  dependencies:
    string-convert "^0.2.0"

lodash.debounce@^4.0.8:
  version "4.0.8"
  resolved "https://registry.npmjs.org/lodash.debounce/-/lodash.debounce-4.0.8.tgz"
  integrity sha1-gteb/zCmfEAF/9XiUVMArZyk168=

lodash@^4.17.21:
  version "4.17.21"
  resolved "https://registry.npmjs.org/lodash/-/lodash-4.17.21.tgz"
  integrity sha512-v2kDEe57lecTulaDIuNTPy3Ry4gLGJ6Z1O3vE1krgXZNrsQ+LFTGHVxVjcXPs17LhbZVGedAJv8XZ1tvj5FvSg==

loose-envify@^1.1.0:
  version "1.4.0"
  resolved "https://registry.npmjs.org/loose-envify/-/loose-envify-1.4.0.tgz"
  integrity sha512-lyuxPGr/Wfhrlem2CL/UcnUc1zcqKAImBDzukY7Y5F/yQiNdko6+fRLevlw1HgMySw7f611UIY408EtxRSoK3Q==
  dependencies:
    js-tokens "^3.0.0 || ^4.0.0"

mime-db@1.52.0:
  version "1.52.0"
  resolved "https://registry.npmjs.org/mime-db/-/mime-db-1.52.0.tgz"
  integrity sha512-sPU4uV7dYlvtWJxwwxHD0PuihVNiE7TyAbQ5SWxDCB9mUYvOgroQOwYQQOKPJ8CIbE+1ETVlOoK1UC2nU3gYvg==

mime-types@^2.1.12:
  version "2.1.35"
  resolved "https://registry.npmjs.org/mime-types/-/mime-types-2.1.35.tgz"
  integrity sha512-ZDY+bPm5zTTF+YpCrAU9nK0UgICYPT0QtT1NZWFv4s++TNkcgVaT0g6+4R2uI4MjQjzysHB1zxuWL50hzaeXiw==
  dependencies:
    mime-db "1.52.0"

nanoid@^3.3.4:
  version "3.3.6"
  resolved "https://registry.npmjs.org/nanoid/-/nanoid-3.3.6.tgz"
  integrity sha512-BGcqMMJuToF7i1rt+2PWSNVnWIkGCU78jBG3RxO/bZlnZPK2Cmi2QaffxGO/2RvWi9sL+FAiRiXMgsyxQ1DIDA==

next@^12.3.4:
  version "12.3.4"
  resolved "https://registry.npmjs.org/next/-/next-12.3.4.tgz"
  integrity sha512-VcyMJUtLZBGzLKo3oMxrEF0stxh8HwuW976pAzlHhI3t8qJ4SROjCrSh1T24bhrbjw55wfZXAbXPGwPt5FLRfQ==
  dependencies:
    "@next/env" "12.3.4"
    "@swc/helpers" "0.4.11"
    caniuse-lite "^1.0.30001406"
    postcss "8.4.14"
    styled-jsx "5.0.7"
    use-sync-external-store "1.2.0"
  optionalDependencies:
    "@next/swc-android-arm-eabi" "12.3.4"
    "@next/swc-android-arm64" "12.3.4"
    "@next/swc-darwin-arm64" "12.3.4"
    "@next/swc-darwin-x64" "12.3.4"
    "@next/swc-freebsd-x64" "12.3.4"
    "@next/swc-linux-arm-gnueabihf" "12.3.4"
    "@next/swc-linux-arm64-gnu" "12.3.4"
    "@next/swc-linux-arm64-musl" "12.3.4"
    "@next/swc-linux-x64-gnu" "12.3.4"
    "@next/swc-linux-x64-musl" "12.3.4"
    "@next/swc-win32-arm64-msvc" "12.3.4"
    "@next/swc-win32-ia32-msvc" "12.3.4"
    "@next/swc-win32-x64-msvc" "12.3.4"

nodemailer@^6.9.1:
  version "6.9.1"
  resolved "https://registry.npmjs.org/nodemailer/-/nodemailer-6.9.1.tgz"
  integrity sha512-qHw7dOiU5UKNnQpXktdgQ1d3OFgRAekuvbJLcdG5dnEo/GtcTHRYM7+UfJARdOFU9WUQO8OiIamgWPmiSFHYAA==

normalize-path@^3.0.0, normalize-path@~3.0.0:
  version "3.0.0"
  resolved "https://registry.npmjs.org/normalize-path/-/normalize-path-3.0.0.tgz"
  integrity sha512-6eZs5Ls3WtCisHWp9S2GUy8dqkpGi4BVSz3GaqiE6ezub0512ESztXUwUB6C6IKbQkY2Pnb/mD4WYojCRwcwLA==

object-assign@^4.1.1:
  version "4.1.1"
  resolved "https://registry.npmjs.org/object-assign/-/object-assign-4.1.1.tgz"
  integrity sha1-IQmtx5ZYh8/AXLvUQsrIv7s2CGM=

picocolors@^1.0.0:
  version "1.0.0"
  resolved "https://registry.npmjs.org/picocolors/-/picocolors-1.0.0.tgz"
  integrity sha512-1fygroTLlHu66zi26VoTDv8yRgm0Fccecssto+MhsZ0D/DGW2sm8E8AjW7NU5VVTRt5GxbeZ5qBuJr+HyLYkjQ==

picomatch@^2.0.4, picomatch@^2.2.1:
  version "2.3.0"
  resolved "https://registry.npmjs.org/picomatch/-/picomatch-2.3.0.tgz"
  integrity sha512-lY1Q/PiJGC2zOv/z391WOTD+Z02bCgsFfvxoXXf6h7kv9o+WmsmzYqrAwY63sNgOxE4xEdq0WyUnXfKeBrSvYw==

postcss@8.4.14:
  version "8.4.14"
  resolved "https://registry.npmjs.org/postcss/-/postcss-8.4.14.tgz"
  integrity sha512-E398TUmfAYFPBSdzgeieK2Y1+1cpdxJx8yXbK/m57nRhKSmk1GB2tO4lbLBtlkfPQTDKfe4Xqv1ASWPpayPEig==
  dependencies:
    nanoid "^3.3.4"
    picocolors "^1.0.0"
    source-map-js "^1.0.2"

proxy-from-env@^1.1.0:
  version "1.1.0"
  resolved "https://registry.npmjs.org/proxy-from-env/-/proxy-from-env-1.1.0.tgz"
  integrity sha512-D+zkORCbA9f1tdWRK0RaCR3GPv50cMxcrz4X8k5LTSUD1Dkw47mKJEZQNunItRTkWwgtaUSo1RVFRIG9ZXiFYg==

rc-align@^4.0.0:
  version "4.0.11"
  resolved "https://registry.npmjs.org/rc-align/-/rc-align-4.0.11.tgz"
  integrity sha512-n9mQfIYQbbNTbefyQnRHZPWuTEwG1rY4a9yKlIWHSTbgwI+XUMGRYd0uJ5pE2UbrNX0WvnMBA1zJ3Lrecpra/A==
  dependencies:
    "@babel/runtime" "^7.10.1"
    classnames "2.x"
    dom-align "^1.7.0"
    lodash "^4.17.21"
    rc-util "^5.3.0"
    resize-observer-polyfill "^1.5.1"

rc-motion@^2.0.0:
  version "2.4.4"
  resolved "https://registry.npmjs.org/rc-motion/-/rc-motion-2.4.4.tgz"
  integrity sha512-ms7n1+/TZQBS0Ydd2Q5P4+wJTSOrhIrwNxLXCZpR7Fa3/oac7Yi803HDALc2hLAKaCTQtw9LmQeB58zcwOsqlQ==
  dependencies:
    "@babel/runtime" "^7.11.1"
    classnames "^2.2.1"
    rc-util "^5.2.1"

rc-slider@^9.7.4:
  version "9.7.4"
  resolved "https://registry.npmjs.org/rc-slider/-/rc-slider-9.7.4.tgz"
  integrity sha512-pjLKLiDKiaL7/pNywfIBD+lDo5TtVo05KuIBSWEIoqu6FHh6IMWvthCiaODuYaVs3RLeF2nXOP5AjkD2Lt2Rwg==
  dependencies:
    "@babel/runtime" "^7.10.1"
    classnames "^2.2.5"
    rc-tooltip "^5.0.1"
    rc-util "^5.0.0"
    shallowequal "^1.1.0"

rc-tooltip@^5.0.1:
  version "5.1.1"
  resolved "https://registry.npmjs.org/rc-tooltip/-/rc-tooltip-5.1.1.tgz"
  integrity sha512-alt8eGMJulio6+4/uDm7nvV+rJq9bsfxFDCI0ljPdbuoygUscbsMYb6EQgwib/uqsXQUvzk+S7A59uYHmEgmDA==
  dependencies:
    "@babel/runtime" "^7.11.2"
    rc-trigger "^5.0.0"

rc-trigger@^5.0.0:
  version "5.2.10"
  resolved "https://registry.npmjs.org/rc-trigger/-/rc-trigger-5.2.10.tgz"
  integrity sha512-FkUf4H9BOFDaIwu42fvRycXMAvkttph9AlbCZXssZDVzz2L+QZ0ERvfB/4nX3ZFPh1Zd+uVGr1DEDeXxq4J1TA==
  dependencies:
    "@babel/runtime" "^7.11.2"
    classnames "^2.2.6"
    rc-align "^4.0.0"
    rc-motion "^2.0.0"
    rc-util "^5.5.0"

rc-util@^5.0.0, rc-util@^5.2.1, rc-util@^5.3.0, rc-util@^5.5.0:
  version "5.15.0"
  resolved "https://registry.npmjs.org/rc-util/-/rc-util-5.15.0.tgz"
  integrity sha512-8RI8sjOCXD3FhD3dzQNBQetpGol6BBd3sHQ/8jSGk9NPT0CH3JGtBfPODnASyE7AdDpCFQMOmgcp9CBs3S/1hg==
  dependencies:
    "@babel/runtime" "^7.12.5"
    react-is "^16.12.0"
    shallowequal "^1.1.0"

"react-dom@^0.14.0 || ^15.0.1 || ^16.0.0 || ^17.0.0", "react-dom@^0.14.7 || ^15.0.0-0 || ^16.0.0 || ^17.0.0", react-dom@^17.0.2, "react-dom@^17.0.2 || ^18.0.0-0", react-dom@>=16.8, react-dom@>=16.8.0, react-dom@>=16.9.0:
  version "17.0.2"
  resolved "https://registry.npmjs.org/react-dom/-/react-dom-17.0.2.tgz"
  integrity sha512-s4h96KtLDUQlsENhMn1ar8t2bEa+q/YAtj8pPPdIjPDGBDIVNsrD9aXNWqspUe6AzKCIG0C1HZZLqLV7qpOBGA==
  dependencies:
    loose-envify "^1.1.0"
    object-assign "^4.1.1"
    scheduler "^0.20.2"

react-dropdown@^1.9.2:
  version "1.9.2"
  resolved "https://registry.npmjs.org/react-dropdown/-/react-dropdown-1.9.2.tgz"
  integrity sha512-g4eufErTi5P5T5bGK+VmLl//qvAHy79jm6KKx8G2Tl3mG90bpigb+Aw85P+C2JUdAnIIQdv8kP/oHN314GvAfw==
  dependencies:
    classnames "^2.2.3"

react-is@^16.12.0:
  version "16.13.1"
  resolved "https://registry.npmjs.org/react-is/-/react-is-16.13.1.tgz"
  integrity sha512-24e6ynE2H+OKt4kqsOvNd8kBpV65zoxbA4BVsEOB3ARVWQki/DHzaUoC5KuON/BiccDaCCTZBuOcfZs70kR8bQ==

react-rating-stars-component@^2.2.0:
  version "2.2.0"
  resolved "https://registry.npmjs.org/react-rating-stars-component/-/react-rating-stars-component-2.2.0.tgz"
  integrity sha512-A3lgLxumfFQQicKQmxacZ91fq/zRaVWlCPnVodJmJV6obvod4/yCotetN9WuyBiUfnKsEFDBo/8B85ocwmL7ng==

react-router-dom@^6.10.0:
  version "6.10.0"
  resolved "https://registry.npmjs.org/react-router-dom/-/react-router-dom-6.10.0.tgz"
  integrity sha512-E5dfxRPuXKJqzwSe/qGcqdwa18QiWC6f3H3cWXM24qj4N0/beCIf/CWTipop2xm7mR0RCS99NnaqPNjHtrAzCg==
  dependencies:
    "@remix-run/router" "1.5.0"
    react-router "6.10.0"

react-router@6.10.0:
  version "6.10.0"
  resolved "https://registry.npmjs.org/react-router/-/react-router-6.10.0.tgz"
  integrity sha512-Nrg0BWpQqrC3ZFFkyewrflCud9dio9ME3ojHCF/WLsprJVzkq3q3UeEhMCAW1dobjeGbWgjNn/PVF6m46ANxXQ==
  dependencies:
    "@remix-run/router" "1.5.0"

react-simple-star-rating@^4.0.0:
  version "4.0.0"
  resolved "https://registry.npmjs.org/react-simple-star-rating/-/react-simple-star-rating-4.0.0.tgz"
  integrity sha512-UiTMJDmaqj9CRqS+pJCyGNiP82VPr8WZxfHGJQSd7r8d4B6OoYQz17QJudRnGsniLhQY0TlZLO9FEg7O2iznHg==

react-slick@^0.28.1:
  version "0.28.1"
  resolved "https://registry.npmjs.org/react-slick/-/react-slick-0.28.1.tgz"
  integrity sha512-JwRQXoWGJRbUTE7eZI1rGIHaXX/4YuwX6gn7ulfvUZ4vFDVQAA25HcsHSYaUiRCduTr6rskyIuyPMpuG6bbluw==
  dependencies:
    classnames "^2.2.5"
    enquire.js "^2.1.6"
    json2mq "^0.2.0"
    lodash.debounce "^4.0.8"
    resize-observer-polyfill "^1.5.0"

"react@^0.14.0 || ^15.0.1 || ^16.0.0 || ^17.0.0", "react@^0.14.7 || ^15.0.0-0 || ^16.0.0 || ^17.0.0", "react@^16.8.0 || ^17.0.0 || ^18.0.0", react@^17.0.2, "react@^17.0.2 || ^18.0.0-0", "react@>= 16.8.0 || 17.x.x || ^18.0.0-0", react@>=16.8, react@>=16.8.0, react@>=16.9.0, react@17.0.2:
  version "17.0.2"
  resolved "https://registry.npmjs.org/react/-/react-17.0.2.tgz"
  integrity sha512-gnhPt75i/dq/z3/6q/0asP78D0u592D5L1pd7M8P+dck6Fu/jJeL6iVVK23fptSUZj8Vjf++7wXA8UNclGQcbA==
  dependencies:
    loose-envify "^1.1.0"
    object-assign "^4.1.1"

readdirp@~3.5.0:
  version "3.5.0"
  resolved "https://registry.npmjs.org/readdirp/-/readdirp-3.5.0.tgz"
  integrity sha512-cMhu7c/8rdhkHXWsY+osBhfSy0JikwpHK/5+imo+LpeasTF8ouErHrlYkwT0++njiyuDvc7OFY5T3ukvZ8qmFQ==
  dependencies:
    picomatch "^2.2.1"

regenerator-runtime@^0.13.4:
  version "0.13.4"
  resolved "https://registry.npmjs.org/regenerator-runtime/-/regenerator-runtime-0.13.4.tgz"
  integrity sha512-plpwicqEzfEyTQohIKktWigcLzmNStMGwbOUbykx51/29Z3JOGYldaaNGK7ngNXV+UcoqvIMmloZ48Sr74sd+g==

resize-observer-polyfill@^1.5.0, resize-observer-polyfill@^1.5.1:
  version "1.5.1"
  resolved "https://registry.npmjs.org/resize-observer-polyfill/-/resize-observer-polyfill-1.5.1.tgz"
  integrity sha512-LwZrotdHOo12nQuZlHEmtuXdqGoOD0OhaxopaNFxWzInpEgaLWoVuAMbTzixuosCx2nEG58ngzW3vxdWoxIgdg==

sass@^1.3.0, sass@1.26.3:
  version "1.26.3"
  resolved "https://registry.npmjs.org/sass/-/sass-1.26.3.tgz"
  integrity sha512-5NMHI1+YFYw4sN3yfKjpLuV9B5l7MqQ6FlkTcC4FT+oHbBRUZoSjHrrt/mE0nFXJyY2kQtU9ou9HxvFVjLFuuw==
  dependencies:
    chokidar ">=2.0.0 <4.0.0"

scheduler@^0.20.2:
  version "0.20.2"
  resolved "https://registry.npmjs.org/scheduler/-/scheduler-0.20.2.tgz"
  integrity sha512-2eWfGgAqqWFGqtdMmcL5zCMK1U8KlXv8SQFGglL3CEtd0aDVDWgeF/YoCmvln55m5zSk3J/20hTaSBeSObsQDQ==
  dependencies:
    loose-envify "^1.1.0"
    object-assign "^4.1.1"

shallowequal@^1.1.0:
  version "1.1.0"
  resolved "https://registry.npmjs.org/shallowequal/-/shallowequal-1.1.0.tgz"
  integrity sha512-y0m1JoUZSlPAjXVtPPW70aZWfIL/dSP7AFkRnniLCrK/8MDKog3TySTBmckD+RObVxH0v4Tox67+F14PdED2oQ==

slick-carousel@^1.8.1:
  version "1.8.1"
  resolved "https://registry.npmjs.org/slick-carousel/-/slick-carousel-1.8.1.tgz"
  integrity sha512-XB9Ftrf2EEKfzoQXt3Nitrt/IPbT+f1fgqBdoxO3W/+JYvtEOW6EgxnWfr9GH6nmULv7Y2tPmEX3koxThVmebA==

source-map-js@^1.0.2:
  version "1.0.2"
  resolved "https://registry.npmjs.org/source-map-js/-/source-map-js-1.0.2.tgz"
  integrity sha512-R0XvVJ9WusLiqTCEiGCmICCMplcCkIwwR11mOSD9CR5u+IXYdiseeEuXCVAjS54zqwkLcPNnmU4OeJ6tUrWhDw==

string-convert@^0.2.0:
  version "0.2.1"
  resolved "https://registry.npmjs.org/string-convert/-/string-convert-0.2.1.tgz"
  integrity sha1-aYLMMEn7tM2F+LJFaLnZvznu/5c=

styled-jsx@5.0.7:
  version "5.0.7"
  resolved "https://registry.npmjs.org/styled-jsx/-/styled-jsx-5.0.7.tgz"
  integrity sha512-b3sUzamS086YLRuvnaDigdAewz1/EFYlHpYBP5mZovKEdQQOIIYq8lApylub3HHZ6xFjV051kkGU7cudJmrXEA==

to-regex-range@^5.0.1:
  version "5.0.1"
  resolved "https://registry.npmjs.org/to-regex-range/-/to-regex-range-5.0.1.tgz"
  integrity sha512-65P7iz6X5yEr1cwcgvQxbbIw7Uk3gOy5dIdtZ4rDveLqhrdJP+Li/Hx6tyK0NEb+2GCyneCMJiGqrADCSNk8sQ==
  dependencies:
    is-number "^7.0.0"

tslib@^2.4.0:
  version "2.5.0"
  resolved "https://registry.npmjs.org/tslib/-/tslib-2.5.0.tgz"
  integrity sha512-336iVw3rtn2BUK7ORdIAHTyxHGRIHVReokCR3XjbckJMK7ms8FysBfhLR8IXnAgy7T0PTPNBWKiH514FOW/WSg==

use-sync-external-store@1.2.0:
  version "1.2.0"
  resolved "https://registry.npmjs.org/use-sync-external-store/-/use-sync-external-store-1.2.0.tgz"
  integrity sha512-eEgnFxGQ1Ife9bzYs6VLi8/4X6CObHMw9Qr9tPY43iKwsPw8xE8+EFsf/2cFZ5S3esXgpWgtSCtLNS41F+sKPA==
